// !$*UTF8*$!
{
	archiveVersion = 1;
	classes = {
	};
	objectVersion = 46;
	objects = {

/* Begin PBXBuildFile section */
		A7A835311C05BB3300C0F141 /* main.m in Sources */ = {isa = PBXBuildFile; fileRef = A7A835301C05BB3300C0F141 /* main.m */; };
		A7A835341C05BB3300C0F141 /* AppDelegate.m in Sources */ = {isa = PBXBuildFile; fileRef = A7A835331C05BB3300C0F141 /* AppDelegate.m */; };
		A7A835371C05BB3300C0F141 /* ViewController.m in Sources */ = {isa = PBXBuildFile; fileRef = A7A835361C05BB3300C0F141 /* ViewController.m */; };
		A7A8353A1C05BB3300C0F141 /* Main.storyboard in Resources */ = {isa = PBXBuildFile; fileRef = A7A835381C05BB3300C0F141 /* Main.storyboard */; };
		A7A8353C1C05BB3300C0F141 /* Assets.xcassets in Resources */ = {isa = PBXBuildFile; fileRef = A7A8353B1C05BB3300C0F141 /* Assets.xcassets */; };
		A7A8353F1C05BB3300C0F141 /* LaunchScreen.storyboard in Resources */ = {isa = PBXBuildFile; fileRef = A7A8353D1C05BB3300C0F141 /* LaunchScreen.storyboard */; };
		A7A835471C05C05A00C0F141 /* kitten.jpg in Resources */ = {isa = PBXBuildFile; fileRef = A7A835461C05C05A00C0F141 /* kitten.jpg */; };
/* End PBXBuildFile section */

/* Begin PBXFileReference section */
		A7A8352C1C05BB3300C0F141 /* test2.app */ = {isa = PBXFileReference; explicitFileType = wrapper.application; includeInIndex = 0; path = test2.app; sourceTree = BUILT_PRODUCTS_DIR; };
		A7A835301C05BB3300C0F141 /* main.m */ = {isa = PBXFileReference; lastKnownFileType = sourcecode.c.objc; path = main.m; sourceTree = "<group>"; };
		A7A835321C05BB3300C0F141 /* AppDelegate.h */ = {isa = PBXFileReference; lastKnownFileType = sourcecode.c.h; path = AppDelegate.h; sourceTree = "<group>"; };
		A7A835331C05BB3300C0F141 /* AppDelegate.m */ = {isa = PBXFileReference; lastKnownFileType = sourcecode.c.objc; path = AppDelegate.m; sourceTree = "<group>"; };
		A7A835351C05BB3300C0F141 /* ViewController.h */ = {isa = PBXFileReference; lastKnownFileType = sourcecode.c.h; path = ViewController.h; sourceTree = "<group>"; };
		A7A835361C05BB3300C0F141 /* ViewController.m */ = {isa = PBXFileReference; lastKnownFileType = sourcecode.c.objc; path = ViewController.m; sourceTree = "<group>"; };
		A7A835391C05BB3300C0F141 /* Base */ = {isa = PBXFileReference; lastKnownFileType = file.storyboard; name = Base; path = Base.lproj/Main.storyboard; sourceTree = "<group>"; };
		A7A8353B1C05BB3300C0F141 /* Assets.xcassets */ = {isa = PBXFileReference; lastKnownFileType = folder.assetcatalog; path = Assets.xcassets; sourceTree = "<group>"; };
		A7A8353E1C05BB3300C0F141 /* Base */ = {isa = PBXFileReference; lastKnownFileType = file.storyboard; name = Base; path = Base.lproj/LaunchScreen.storyboard; sourceTree = "<group>"; };
		A7A835401C05BB3300C0F141 /* Info.plist */ = {isa = PBXFileReference; lastKnownFileType = text.plist.xml; path = Info.plist; sourceTree = "<group>"; };
		A7A835461C05C05A00C0F141 /* kitten.jpg */ = {isa = PBXFileReference; lastKnownFileType = image.jpeg; path = kitten.jpg; sourceTree = "<group>"; };
/* End PBXFileReference section */

/* Begin PBXFrameworksBuildPhase section */
		A7A835291C05BB3300C0F141 /* Frameworks */ = {
			isa = PBXFrameworksBuildPhase;
			buildActionMask = 2147483647;
			files = (
			);
			runOnlyForDeploymentPostprocessing = 0;
		};
/* End PBXFrameworksBuildPhase section */

/* Begin PBXGroup section */
		A7A835231C05BB3300C0F141 = {
			isa = PBXGroup;
			children = (
				A7A8352E1C05BB3300C0F141 /* test2 */,
				A7A8352D1C05BB3300C0F141 /* Products */,
			);
			sourceTree = "<group>";
		};
		A7A8352D1C05BB3300C0F141 /* Products */ = {
			isa = PBXGroup;
			children = (
				A7A8352C1C05BB3300C0F141 /* test2.app */,
			);
			name = Products;
			sourceTree = "<group>";
		};
		A7A8352E1C05BB3300C0F141 /* test2 */ = {
			isa = PBXGroup;
			children = (
				A7A835321C05BB3300C0F141 /* AppDelegate.h */,
				A7A835331C05BB3300C0F141 /* AppDelegate.m */,
				A7A835351C05BB3300C0F141 /* ViewController.h */,
				A7A835361C05BB3300C0F141 /* ViewController.m */,
				A7A835461C05C05A00C0F141 /* kitten.jpg */,
				A7A835381C05BB3300C0F141 /* Main.storyboard */,
				A7A8353B1C05BB3300C0F141 /* Assets.xcassets */,
				A7A8353D1C05BB3300C0F141 /* LaunchScreen.storyboard */,
				A7A835401C05BB3300C0F141 /* Info.plist */,
				A7A8352F1C05BB3300C0F141 /* Supporting Files */,
			);
			path = test2;
			sourceTree = "<group>";
		};
		A7A8352F1C05BB3300C0F141 /* Supporting Files */ = {
			isa = PBXGroup;
			children = (
				A7A835301C05BB3300C0F141 /* main.m */,
			);
			name = "Supporting Files";
			sourceTree = "<group>";
		};
/* End PBXGroup section */

/* Begin PBXNativeTarget section */
		A7A8352B1C05BB3300C0F141 /* test2 */ = {
			isa = PBXNativeTarget;
			buildConfigurationList = A7A835431C05BB3300C0F141 /* Build configuration list for PBXNativeTarget "test2" */;
			buildPhases = (
				A7A835281C05BB3300C0F141 /* Sources */,
				A7A835291C05BB3300C0F141 /* Frameworks */,
				A7A8352A1C05BB3300C0F141 /* Resources */,
			);
			buildRules = (
			);
			dependencies = (
			);
			name = test2;
			productName = test2;
			productReference = A7A8352C1C05BB3300C0F141 /* test2.app */;
			productType = "com.apple.product-type.application";
		};
/* End PBXNativeTarget section */

/* Begin PBXProject section */
		A7A835241C05BB3300C0F141 /* Project object */ = {
			isa = PBXProject;
			attributes = {
				LastUpgradeCheck = 0710;
				ORGANIZATIONNAME = "Bartłomiej Wojdan";
				TargetAttributes = {
					A7A8352B1C05BB3300C0F141 = {
						CreatedOnToolsVersion = 7.1.1;
					};
				};
			};
			buildConfigurationList = A7A835271C05BB3300C0F141 /* Build configuration list for PBXProject "test2" */;
			compatibilityVersion = "Xcode 3.2";
			developmentRegion = English;
			hasScannedForEncodings = 0;
			knownRegions = (
				en,
				Base,
			);
			mainGroup = A7A835231C05BB3300C0F141;
			productRefGroup = A7A8352D1C05BB3300C0F141 /* Products */;
			projectDirPath = "";
			projectRoot = "";
			targets = (
				A7A8352B1C05BB3300C0F141 /* test2 */,
			);
		};
/* End PBXProject section */

/* Begin PBXResourcesBuildPhase section */
		A7A8352A1C05BB3300C0F141 /* Resources */ = {
			isa = PBXResourcesBuildPhase;
			buildActionMask = 2147483647;
			files = (
				A7A8353F1C05BB3300C0F141 /* LaunchScreen.storyboard in Resources */,
				A7A8353C1C05BB3300C0F141 /* Assets.xcassets in Resources */,
				A7A8353A1C05BB3300C0F141 /* Main.storyboard in Resources */,
				A7A835471C05C05A00C0F141 /* kitten.jpg in Resources */,
			);
			runOnlyForDeploymentPostprocessing = 0;
		};
/* End PBXResourcesBuildPhase section */

/* Begin PBXSourcesBuildPhase section */
		A7A835281C05BB3300C0F141 /* Sources */ = {
			isa = PBXSourcesBuildPhase;
			buildActionMask = 2147483647;
			files = (
				A7A835371C05BB3300C0F141 /* ViewController.m in Sources */,
				A7A835341C05BB3300C0F141 /* AppDelegate.m in Sources */,
				A7A835311C05BB3300C0F141 /* main.m in Sources */,
			);
			runOnlyForDeploymentPostprocessing = 0;
		};
/* End PBXSourcesBuildPhase section */

/* Begin PBXVariantGroup section */
		A7A835381C05BB3300C0F141 /* Main.storyboard */ = {
			isa = PBXVariantGroup;
			children = (
				A7A835391C05BB3300C0F141 /* Base */,
			);
			name = Main.storyboard;
			sourceTree = "<group>";
		};
		A7A8353D1C05BB3300C0F141 /* LaunchScreen.storyboard */ = {
			isa = PBXVariantGroup;
			children = (
				A7A8353E1C05BB3300C0F141 /* Base */,
			);
			name = LaunchScreen.storyboard;
			sourceTree = "<group>";
		};
/* End PBXVariantGroup section */

/* Begin XCBuildConfiguration section */
		A7A835411C05BB3300C0F141 /* Debug */ = {
			isa = XCBuildConfiguration;
			buildSettings = {
				ALWAYS_SEARCH_USER_PATHS = NO;
				CLANG_CXX_LANGUAGE_STANDARD = "gnu++0x";
				CLANG_CXX_LIBRARY = "libc++";
				CLANG_ENABLE_MODULES = YES;
				CLANG_ENABLE_OBJC_ARC = YES;
				CLANG_WARN_BOOL_CONVERSION = YES;
				CLANG_WARN_CONSTANT_CONVERSION = YES;
				CLANG_WARN_DIRECT_OBJC_ISA_USAGE = YES_ERROR;
				CLANG_WARN_EMPTY_BODY = YES;
				CLANG_WARN_ENUM_CONVERSION = YES;
				CLANG_WARN_INT_CONVERSION = YES;
				CLANG_WARN_OBJC_ROOT_CLASS = YES_ERROR;
				CLANG_WARN_UNREACHABLE_CODE = YES;
				CLANG_WARN__DUPLICATE_METHOD_MATCH = YES;
				"CODE_SIGN_IDENTITY[sdk=iphoneos*]" = "iPhone Developer";
				COPY_PHASE_STRIP = NO;
				DEBUG_INFORMATION_FORMAT = dwarf;
				ENABLE_STRICT_OBJC_MSGSEND = YES;
				ENABLE_TESTABILITY = YES;
				GCC_C_LANGUAGE_STANDARD = gnu99;
				GCC_DYNAMIC_NO_PIC = NO;
				GCC_NO_COMMON_BLOCKS = YES;
				GCC_OPTIMIZATION_LEVEL = 0;
				GCC_PREPROCESSOR_DEFINITIONS = (
					"DEBUG=1",
					"$(inherited)",
				);
				GCC_WARN_64_TO_32_BIT_CONVERSION = YES;
				GCC_WARN_ABOUT_RETURN_TYPE = YES_ERROR;
				GCC_WARN_UNDECLARED_SELECTOR = YES;
				GCC_WARN_UNINITIALIZED_AUTOS = YES_AGGRESSIVE;
				GCC_WARN_UNUSED_FUNCTION = YES;
				GCC_WARN_UNUSED_VARIABLE = YES;
				IPHONEOS_DEPLOYMENT_TARGET = 9.1;
				MTL_ENABLE_DEBUG_INFO = YES;
				ONLY_ACTIVE_ARCH = YES;
				SDKROOT = iphoneos;
				TARGETED_DEVICE_FAMILY = "1,2";
			};
			name = Debug;
		};
		A7A835421C05BB3300C0F141 /* Release */ = {
			isa = XCBuildConfiguration;
			buildSettings = {
				ALWAYS_SEARCH_USER_PATHS = NO;
				CLANG_CXX_LANGUAGE_STANDARD = "gnu++0x";
				CLANG_CXX_LIBRARY = "libc++";
				CLANG_ENABLE_MODULES = YES;
				CLANG_ENABLE_OBJC_ARC = YES;
				CLANG_WARN_BOOL_CONVERSION = YES;
				CLANG_WARN_CONSTANT_CONVERSION = YES;
				CLANG_WARN_DIRECT_OBJC_ISA_USAGE = YES_ERROR;
				CLANG_WARN_EMPTY_BODY = YES;
				CLANG_WARN_ENUM_CONVERSION = YES;
				CLANG_WARN_INT_CONVERSION = YES;
				CLANG_WARN_OBJC_ROOT_CLASS = YES_ERROR;
				CLANG_WARN_UNREACHABLE_CODE = YES;
				CLANG_WARN__DUPLICATE_METHOD_MATCH = YES;
				"CODE_SIGN_IDENTITY[sdk=iphoneos*]" = "iPhone Developer";
				COPY_PHASE_STRIP = NO;
				DEBUG_INFORMATION_FORMAT = "dwarf-with-dsym";
				ENABLE_NS_ASSERTIONS = NO;
				ENABLE_STRICT_OBJC_MSGSEND = YES;
				GCC_C_LANGUAGE_STANDARD = gnu99;
				GCC_NO_COMMON_BLOCKS = YES;
				GCC_WARN_64_TO_32_BIT_CONVERSION = YES;
				GCC_WARN_ABOUT_RETURN_TYPE = YES_ERROR;
				GCC_WARN_UNDECLARED_SELECTOR = YES;
				GCC_WARN_UNINITIALIZED_AUTOS = YES_AGGRESSIVE;
				GCC_WARN_UNUSED_FUNCTION = YES;
				GCC_WARN_UNUSED_VARIABLE = YES;
				IPHONEOS_DEPLOYMENT_TARGET = 9.1;
				MTL_ENABLE_DEBUG_INFO = NO;
				SDKROOT = iphoneos;
				TARGETED_DEVICE_FAMILY = "1,2";
				VALIDATE_PRODUCT = YES;
			};
			name = Release;
		};
		A7A835441C05BB3300C0F141 /* Debug */ = {
			isa = XCBuildConfiguration;
			buildSettings = {
				ASSETCATALOG_COMPILER_APPICON_NAME = AppIcon;
				INFOPLIST_FILE = test2/Info.plist;
				LD_RUNPATH_SEARCH_PATHS = "$(inherited) @executable_path/Frameworks";
				PRODUCT_BUNDLE_IDENTIFIER = com.wojdan.test2;
				PRODUCT_NAME = "$(TARGET_NAME)";
			};
			name = Debug;
		};
		A7A835451C05BB3300C0F141 /* Release */ = {
			isa = XCBuildConfiguration;
			buildSettings = {
				ASSETCATALOG_COMPILER_APPICON_NAME = AppIcon;
				INFOPLIST_FILE = test2/Info.plist;
				LD_RUNPATH_SEARCH_PATHS = "$(inherited) @executable_path/Frameworks";
				PRODUCT_BUNDLE_IDENTIFIER = com.wojdan.test2;
				PRODUCT_NAME = "$(TARGET_NAME)";
			};
			name = Release;
		};
/* End XCBuildConfiguration section */

/* Begin XCConfigurationList section */
		A7A835271C05BB3300C0F141 /* Build configuration list for PBXProject "test2" */ = {
			isa = XCConfigurationList;
			buildConfigurations = (
				A7A835411C05BB3300C0F141 /* Debug */,
				A7A835421C05BB3300C0F141 /* Release */,
			);
			defaultConfigurationIsVisible = 0;
			defaultConfigurationName = Release;
		};
		A7A835431C05BB3300C0F141 /* Build configuration list for PBXNativeTarget "test2" */ = {
			isa = XCConfigurationList;
			buildConfigurations = (
				A7A835441C05BB3300C0F141 /* Debug */,
				A7A835451C05BB3300C0F141 /* Release */,
			);
			defaultConfigurationIsVisible = 0;
		};
/* End XCConfigurationList section */
	};
	rootObject = A7A835241C05BB3300C0F141 /* Project object */;
}
